
Microsoft Visual Studio Solution File, Format Version 12.00
Project("{FAE04EC0-301F-11D3-BF4B-00C04F79EFBC}") = "Wasm2IL", "Wasm2IL\Wasm2IL.csproj", "{09EE0D60-1DA4-4B23-B9C7-39CAFB297C17}"
EndProject
Project("{FAE04EC0-301F-11D3-BF4B-00C04F79EFBC}") = "TestCCode", "TestCCode\TestCCode.csproj", "{D058A411-E173-418A-B439-53CCF3E679FD}"
EndProject
Project("{FAE04EC0-301F-11D3-BF4B-00C04F79EFBC}") = "Wasm2IL.UnitTests", "Wasm2IL.UnitTests\Wasm2IL.UnitTests.csproj", "{513591A8-3288-43E2-AF20-970930166FEA}"
EndProject
Project("{FAE04EC0-301F-11D3-BF4B-00C04F79EFBC}") = "Examples", "Examples\Examples.csproj", "{A1B2C3D4-E5F6-7890-ABCD-EF1234567890}"
EndProject
Global
	GlobalSection(SolutionConfigurationPlatforms) = preSolution
		Debug|Any CPU = Debug|Any CPU
		Release|Any CPU = Release|Any CPU
	EndGlobalSection
	GlobalSection(ProjectConfigurationPlatforms) = postSolution
		{09EE0D60-1DA4-4B23-B9C7-39CAFB297C17}.Debug|Any CPU.ActiveCfg = Debug|Any CPU
		{09EE0D60-1DA4-4B23-B9C7-39CAFB297C17}.Debug|Any CPU.Build.0 = Debug|Any CPU
		{09EE0D60-1DA4-4B23-B9C7-39CAFB297C17}.Release|Any CPU.ActiveCfg = Release|Any CPU
		{09EE0D60-1DA4-4B23-B9C7-39CAFB297C17}.Release|Any CPU.Build.0 = Release|Any CPU
		{D058A411-E173-418A-B439-53CCF3E679FD}.Debug|Any CPU.ActiveCfg = Debug|Any CPU
		{D058A411-E173-418A-B439-53CCF3E679FD}.Debug|Any CPU.Build.0 = Debug|Any CPU
		{D058A411-E173-418A-B439-53CCF3E679FD}.Release|Any CPU.ActiveCfg = Release|Any CPU
		{D058A411-E173-418A-B439-53CCF3E679FD}.Release|Any CPU.Build.0 = Release|Any CPU
		{513591A8-3288-43E2-AF20-970930166FEA}.Debug|Any CPU.ActiveCfg = Debug|Any CPU
		{513591A8-3288-43E2-AF20-970930166FEA}.Debug|Any CPU.Build.0 = Debug|Any CPU
		{513591A8-3288-43E2-AF20-970930166FEA}.Release|Any CPU.ActiveCfg = Release|Any CPU
		{513591A8-3288-43E2-AF20-970930166FEA}.Release|Any CPU.Build.0 = Release|Any CPU
		{B0BB209C-9941-47CF-9783-055A192898EC}.Debug|Any CPU.ActiveCfg = Debug|Any CPU
		{B0BB209C-9941-47CF-9783-055A192898EC}.Debug|Any CPU.Build.0 = Debug|Any CPU
		{B0BB209C-9941-47CF-9783-055A192898EC}.Release|Any CPU.ActiveCfg = Release|Any CPU
		{B0BB209C-9941-47CF-9783-055A192898EC}.Release|Any CPU.Build.0 = Release|Any CPU
		{A1B2C3D4-E5F6-7890-ABCD-EF1234567890}.Debug|Any CPU.ActiveCfg = Debug|Any CPU
		{A1B2C3D4-E5F6-7890-ABCD-EF1234567890}.Debug|Any CPU.Build.0 = Debug|Any CPU
		{A1B2C3D4-E5F6-7890-ABCD-EF1234567890}.Release|Any CPU.ActiveCfg = Release|Any CPU
		{A1B2C3D4-E5F6-7890-ABCD-EF1234567890}.Release|Any CPU.Build.0 = Release|Any CPU
	EndGlobalSection
EndGlobal
